
Microsoft Visual Studio Solution File, Format Version 12.00
# Visual Studio Version 16
VisualStudioVersion = 16.0.29806.167
MinimumVisualStudioVersion = 10.0.40219.1
Project("{9A19103F-16F7-4668-BE54-9A1E7A4F7556}") = "cli", "cli\cli.csproj", "{046C74FD-F1DB-4106-BAA2-7D82319A2CCD}"
EndProject
Project("{2150E333-8FDC-42A3-9474-1A3956D46DE8}") = "UnitTests", "UnitTests", "{245B778D-46D5-42D9-A9B1-B39EA68FB0AA}"
EndProject
Project("{9A19103F-16F7-4668-BE54-9A1E7A4F7556}") = "UnitTests_Cli", "UnitTests_Cli\UnitTests_Cli.csproj", "{42AD0D4A-FC42-4378-921C-E62D15A4146F}"
EndProject
Project("{FAE04EC0-301F-11D3-BF4B-00C04F79EFBC}") = "Core", "Core\Core.csproj", "{4C3927B4-EFE7-4430-AFA5-C2B9BC557565}"
EndProject
Project("{FAE04EC0-301F-11D3-BF4B-00C04F79EFBC}") = "UnitTests_Core", "UnitTests_Core\UnitTests_Core.csproj", "{2034250C-98A0-4D93-97F8-98C2566E5F84}"
EndProject
Global
	GlobalSection(SolutionConfigurationPlatforms) = preSolution
		Debug|Any CPU = Debug|Any CPU
		Release|Any CPU = Release|Any CPU
	EndGlobalSection
	GlobalSection(ProjectConfigurationPlatforms) = postSolution
		{046C74FD-F1DB-4106-BAA2-7D82319A2CCD}.Debug|Any CPU.ActiveCfg = Debug|Any CPU
		{046C74FD-F1DB-4106-BAA2-7D82319A2CCD}.Debug|Any CPU.Build.0 = Debug|Any CPU
		{046C74FD-F1DB-4106-BAA2-7D82319A2CCD}.Release|Any CPU.ActiveCfg = Release|Any CPU
		{046C74FD-F1DB-4106-BAA2-7D82319A2CCD}.Release|Any CPU.Build.0 = Release|Any CPU
		{42AD0D4A-FC42-4378-921C-E62D15A4146F}.Debug|Any CPU.ActiveCfg = Debug|Any CPU
		{42AD0D4A-FC42-4378-921C-E62D15A4146F}.Debug|Any CPU.Build.0 = Debug|Any CPU
		{42AD0D4A-FC42-4378-921C-E62D15A4146F}.Release|Any CPU.ActiveCfg = Release|Any CPU
		{42AD0D4A-FC42-4378-921C-E62D15A4146F}.Release|Any CPU.Build.0 = Release|Any CPU
		{4C3927B4-EFE7-4430-AFA5-C2B9BC557565}.Debug|Any CPU.ActiveCfg = Debug|Any CPU
		{4C3927B4-EFE7-4430-AFA5-C2B9BC557565}.Debug|Any CPU.Build.0 = Debug|Any CPU
		{4C3927B4-EFE7-4430-AFA5-C2B9BC557565}.Release|Any CPU.ActiveCfg = Release|Any CPU
		{4C3927B4-EFE7-4430-AFA5-C2B9BC557565}.Release|Any CPU.Build.0 = Release|Any CPU
		{2034250C-98A0-4D93-97F8-98C2566E5F84}.Debug|Any CPU.ActiveCfg = Debug|Any CPU
		{2034250C-98A0-4D93-97F8-98C2566E5F84}.Debug|Any CPU.Build.0 = Debug|Any CPU
		{2034250C-98A0-4D93-97F8-98C2566E5F84}.Release|Any CPU.ActiveCfg = Release|Any CPU
		{2034250C-98A0-4D93-97F8-98C2566E5F84}.Release|Any CPU.Build.0 = Release|Any CPU
	EndGlobalSection
	GlobalSection(SolutionProperties) = preSolution
		HideSolutionNode = FALSE
	EndGlobalSection
	GlobalSection(NestedProjects) = preSolution
		{42AD0D4A-FC42-4378-921C-E62D15A4146F} = {245B778D-46D5-42D9-A9B1-B39EA68FB0AA}
		{2034250C-98A0-4D93-97F8-98C2566E5F84} = {245B778D-46D5-42D9-A9B1-B39EA68FB0AA}
	EndGlobalSection
	GlobalSection(ExtensibilityGlobals) = postSolution
		SolutionGuid = {4A8FECD3-E2F9-43A5-9D50-1B40E164735F}
	EndGlobalSection
EndGlobal
